// !$*UTF8*$!
{
	archiveVersion = 1;
	classes = {
	};
	objectVersion = 50;
	objects = {

/* Begin PBXBuildFile section */
		68FA44A167ECD688CA83D6B5 /* Pods_FlixTests.framework in Frameworks */ = {isa = PBXBuildFile; fileRef = A5B6701461CC70E6B9B70173 /* Pods_FlixTests.framework */; };
		81CC2806477C92B8BCA94E6C /* Pods_Flix.framework in Frameworks */ = {isa = PBXBuildFile; fileRef = F2B6B05F32EA14A1CFEF12A9 /* Pods_Flix.framework */; };
		BC915C28E87C74441ACB1776 /* Pods_FlixUITests.framework in Frameworks */ = {isa = PBXBuildFile; fileRef = 05D1957C9302A36E6D17DE13 /* Pods_FlixUITests.framework */; };
		C2102BB521F92FBE00F41860 /* MovieDetailsViewController.swift in Sources */ = {isa = PBXBuildFile; fileRef = C2102BB421F92FBE00F41860 /* MovieDetailsViewController.swift */; };
		C2102BB721F93F2500F41860 /* MovieGridViewController.swift in Sources */ = {isa = PBXBuildFile; fileRef = C2102BB621F93F2400F41860 /* MovieGridViewController.swift */; };
		C2102BBB21F9434800F41860 /* MovieGridCell.swift in Sources */ = {isa = PBXBuildFile; fileRef = C2102BBA21F9434800F41860 /* MovieGridCell.swift */; };
		C23E8C5121ED503C008A5FEA /* AppDelegate.swift in Sources */ = {isa = PBXBuildFile; fileRef = C23E8C5021ED503C008A5FEA /* AppDelegate.swift */; };
		C23E8C5321ED503C008A5FEA /* ViewController.swift in Sources */ = {isa = PBXBuildFile; fileRef = C23E8C5221ED503C008A5FEA /* ViewController.swift */; };
		C23E8C5621ED503C008A5FEA /* Main.storyboard in Resources */ = {isa = PBXBuildFile; fileRef = C23E8C5421ED503C008A5FEA /* Main.storyboard */; };
		C23E8C5821ED503E008A5FEA /* Assets.xcassets in Resources */ = {isa = PBXBuildFile; fileRef = C23E8C5721ED503E008A5FEA /* Assets.xcassets */; };
		C23E8C5B21ED503E008A5FEA /* LaunchScreen.storyboard in Resources */ = {isa = PBXBuildFile; fileRef = C23E8C5921ED503E008A5FEA /* LaunchScreen.storyboard */; };
		C23E8C6621ED503E008A5FEA /* FlixTests.swift in Sources */ = {isa = PBXBuildFile; fileRef = C23E8C6521ED503E008A5FEA /* FlixTests.swift */; };
		C23E8C7121ED503E008A5FEA /* FlixUITests.swift in Sources */ = {isa = PBXBuildFile; fileRef = C23E8C7021ED503E008A5FEA /* FlixUITests.swift */; };
		C23E8C8121ED5381008A5FEA /* MoviesViewController.swift in Sources */ = {isa = PBXBuildFile; fileRef = C23E8C8021ED5381008A5FEA /* MoviesViewController.swift */; };
		C23E8C8321ED5D25008A5FEA /* MovieCell.swift in Sources */ = {isa = PBXBuildFile; fileRef = C23E8C8221ED5D25008A5FEA /* MovieCell.swift */; };
/* End PBXBuildFile section */

/* Begin PBXContainerItemProxy section */
		C23E8C6221ED503E008A5FEA /* PBXContainerItemProxy */ = {
			isa = PBXContainerItemProxy;
			containerPortal = C23E8C4521ED503C008A5FEA /* Project object */;
			proxyType = 1;
			remoteGlobalIDString = C23E8C4C21ED503C008A5FEA;
			remoteInfo = Flix;
		};
		C23E8C6D21ED503E008A5FEA /* PBXContainerItemProxy */ = {
			isa = PBXContainerItemProxy;
			containerPortal = C23E8C4521ED503C008A5FEA /* Project object */;
			proxyType = 1;
			remoteGlobalIDString = C23E8C4C21ED503C008A5FEA;
			remoteInfo = Flix;
		};
/* End PBXContainerItemProxy section */

/* Begin PBXFileReference section */
		05D1957C9302A36E6D17DE13 /* Pods_FlixUITests.framework */ = {isa = PBXFileReference; explicitFileType = wrapper.framework; includeInIndex = 0; path = Pods_FlixUITests.framework; sourceTree = BUILT_PRODUCTS_DIR; };
		0FF26DCC2EC85A78964715CB /* Pods-Flix.release.xcconfig */ = {isa = PBXFileReference; includeInIndex = 1; lastKnownFileType = text.xcconfig; name = "Pods-Flix.release.xcconfig"; path = "Pods/Target Support Files/Pods-Flix/Pods-Flix.release.xcconfig"; sourceTree = "<group>"; };
		38BA350C4DC6A3C101693880 /* Pods-FlixUITests.debug.xcconfig */ = {isa = PBXFileReference; includeInIndex = 1; lastKnownFileType = text.xcconfig; name = "Pods-FlixUITests.debug.xcconfig"; path = "Pods/Target Support Files/Pods-FlixUITests/Pods-FlixUITests.debug.xcconfig"; sourceTree = "<group>"; };
		A5B6701461CC70E6B9B70173 /* Pods_FlixTests.framework */ = {isa = PBXFileReference; explicitFileType = wrapper.framework; includeInIndex = 0; path = Pods_FlixTests.framework; sourceTree = BUILT_PRODUCTS_DIR; };
		B445E9424EEBFF861F8ABE30 /* Pods-FlixTests.release.xcconfig */ = {isa = PBXFileReference; includeInIndex = 1; lastKnownFileType = text.xcconfig; name = "Pods-FlixTests.release.xcconfig"; path = "Pods/Target Support Files/Pods-FlixTests/Pods-FlixTests.release.xcconfig"; sourceTree = "<group>"; };
		B918D07B355D2186B72802F6 /* Pods-FlixUITests.release.xcconfig */ = {isa = PBXFileReference; includeInIndex = 1; lastKnownFileType = text.xcconfig; name = "Pods-FlixUITests.release.xcconfig"; path = "Pods/Target Support Files/Pods-FlixUITests/Pods-FlixUITests.release.xcconfig"; sourceTree = "<group>"; };
		BA2013C1B1FAE6D3D57508F9 /* Pods-Flix.debug.xcconfig */ = {isa = PBXFileReference; includeInIndex = 1; lastKnownFileType = text.xcconfig; name = "Pods-Flix.debug.xcconfig"; path = "Pods/Target Support Files/Pods-Flix/Pods-Flix.debug.xcconfig"; sourceTree = "<group>"; };
		C2102BB421F92FBE00F41860 /* MovieDetailsViewController.swift */ = {isa = PBXFileReference; lastKnownFileType = sourcecode.swift; path = MovieDetailsViewController.swift; sourceTree = "<group>"; };
		C2102BB621F93F2400F41860 /* MovieGridViewController.swift */ = {isa = PBXFileReference; lastKnownFileType = sourcecode.swift; name = MovieGridViewController.swift; path = Assets.xcassets/MovieGridViewController.swift; sourceTree = "<group>"; };
		C2102BBA21F9434800F41860 /* MovieGridCell.swift */ = {isa = PBXFileReference; lastKnownFileType = sourcecode.swift; path = MovieGridCell.swift; sourceTree = "<group>"; };
		C23E8C4D21ED503C008A5FEA /* Flix.app */ = {isa = PBXFileReference; explicitFileType = wrapper.application; includeInIndex = 0; path = Flix.app; sourceTree = BUILT_PRODUCTS_DIR; };
		C23E8C5021ED503C008A5FEA /* AppDelegate.swift */ = {isa = PBXFileReference; lastKnownFileType = sourcecode.swift; path = AppDelegate.swift; sourceTree = "<group>"; };
		C23E8C5221ED503C008A5FEA /* ViewController.swift */ = {isa = PBXFileReference; lastKnownFileType = sourcecode.swift; path = ViewController.swift; sourceTree = "<group>"; };
		C23E8C5521ED503C008A5FEA /* Base */ = {isa = PBXFileReference; lastKnownFileType = file.storyboard; name = Base; path = Base.lproj/Main.storyboard; sourceTree = "<group>"; };
		C23E8C5721ED503E008A5FEA /* Assets.xcassets */ = {isa = PBXFileReference; lastKnownFileType = folder.assetcatalog; path = Assets.xcassets; sourceTree = "<group>"; };
		C23E8C5A21ED503E008A5FEA /* Base */ = {isa = PBXFileReference; lastKnownFileType = file.storyboard; name = Base; path = Base.lproj/LaunchScreen.storyboard; sourceTree = "<group>"; };
		C23E8C5C21ED503E008A5FEA /* Info.plist */ = {isa = PBXFileReference; lastKnownFileType = text.plist.xml; path = Info.plist; sourceTree = "<group>"; };
		C23E8C6121ED503E008A5FEA /* FlixTests.xctest */ = {isa = PBXFileReference; explicitFileType = wrapper.cfbundle; includeInIndex = 0; path = FlixTests.xctest; sourceTree = BUILT_PRODUCTS_DIR; };
		C23E8C6521ED503E008A5FEA /* FlixTests.swift */ = {isa = PBXFileReference; lastKnownFileType = sourcecode.swift; path = FlixTests.swift; sourceTree = "<group>"; };
		C23E8C6721ED503E008A5FEA /* Info.plist */ = {isa = PBXFileReference; lastKnownFileType = text.plist.xml; path = Info.plist; sourceTree = "<group>"; };
		C23E8C6C21ED503E008A5FEA /* FlixUITests.xctest */ = {isa = PBXFileReference; explicitFileType = wrapper.cfbundle; includeInIndex = 0; path = FlixUITests.xctest; sourceTree = BUILT_PRODUCTS_DIR; };
		C23E8C7021ED503E008A5FEA /* FlixUITests.swift */ = {isa = PBXFileReference; lastKnownFileType = sourcecode.swift; path = FlixUITests.swift; sourceTree = "<group>"; };
		C23E8C7221ED503E008A5FEA /* Info.plist */ = {isa = PBXFileReference; lastKnownFileType = text.plist.xml; path = Info.plist; sourceTree = "<group>"; };
		C23E8C8021ED5381008A5FEA /* MoviesViewController.swift */ = {isa = PBXFileReference; lastKnownFileType = sourcecode.swift; path = MoviesViewController.swift; sourceTree = "<group>"; };
		C23E8C8221ED5D25008A5FEA /* MovieCell.swift */ = {isa = PBXFileReference; lastKnownFileType = sourcecode.swift; path = MovieCell.swift; sourceTree = "<group>"; };
		DD438D32B3DE9EFA6869A3B8 /* Pods-FlixTests.debug.xcconfig */ = {isa = PBXFileReference; includeInIndex = 1; lastKnownFileType = text.xcconfig; name = "Pods-FlixTests.debug.xcconfig"; path = "Pods/Target Support Files/Pods-FlixTests/Pods-FlixTests.debug.xcconfig"; sourceTree = "<group>"; };
		F2B6B05F32EA14A1CFEF12A9 /* Pods_Flix.framework */ = {isa = PBXFileReference; explicitFileType = wrapper.framework; includeInIndex = 0; path = Pods_Flix.framework; sourceTree = BUILT_PRODUCTS_DIR; };
/* End PBXFileReference section */

/* Begin PBXFrameworksBuildPhase section */
		C23E8C4A21ED503C008A5FEA /* Frameworks */ = {
			isa = PBXFrameworksBuildPhase;
			buildActionMask = 2147483647;
			files = (
				81CC2806477C92B8BCA94E6C /* Pods_Flix.framework in Frameworks */,
			);
			runOnlyForDeploymentPostprocessing = 0;
		};
		C23E8C5E21ED503E008A5FEA /* Frameworks */ = {
			isa = PBXFrameworksBuildPhase;
			buildActionMask = 2147483647;
			files = (
				68FA44A167ECD688CA83D6B5 /* Pods_FlixTests.framework in Frameworks */,
			);
			runOnlyForDeploymentPostprocessing = 0;
		};
		C23E8C6921ED503E008A5FEA /* Frameworks */ = {
			isa = PBXFrameworksBuildPhase;
			buildActionMask = 2147483647;
			files = (
				BC915C28E87C74441ACB1776 /* Pods_FlixUITests.framework in Frameworks */,
			);
			runOnlyForDeploymentPostprocessing = 0;
		};
/* End PBXFrameworksBuildPhase section */

/* Begin PBXGroup section */
		319B6E1C48EC1F3C8635AF54 /* Pods */ = {
			isa = PBXGroup;
			children = (
				BA2013C1B1FAE6D3D57508F9 /* Pods-Flix.debug.xcconfig */,
				0FF26DCC2EC85A78964715CB /* Pods-Flix.release.xcconfig */,
				DD438D32B3DE9EFA6869A3B8 /* Pods-FlixTests.debug.xcconfig */,
				B445E9424EEBFF861F8ABE30 /* Pods-FlixTests.release.xcconfig */,
				38BA350C4DC6A3C101693880 /* Pods-FlixUITests.debug.xcconfig */,
				B918D07B355D2186B72802F6 /* Pods-FlixUITests.release.xcconfig */,
			);
			name = Pods;
			sourceTree = "<group>";
		};
		366840FD0CE5A251CFC519BC /* Frameworks */ = {
			isa = PBXGroup;
			children = (
				F2B6B05F32EA14A1CFEF12A9 /* Pods_Flix.framework */,
				A5B6701461CC70E6B9B70173 /* Pods_FlixTests.framework */,
				05D1957C9302A36E6D17DE13 /* Pods_FlixUITests.framework */,
			);
			name = Frameworks;
			sourceTree = "<group>";
		};
		C23E8C4421ED503C008A5FEA = {
			isa = PBXGroup;
			children = (
				C23E8C4F21ED503C008A5FEA /* Flix */,
				C23E8C6421ED503E008A5FEA /* FlixTests */,
				C23E8C6F21ED503E008A5FEA /* FlixUITests */,
				C23E8C4E21ED503C008A5FEA /* Products */,
				319B6E1C48EC1F3C8635AF54 /* Pods */,
				366840FD0CE5A251CFC519BC /* Frameworks */,
			);
			sourceTree = "<group>";
		};
		C23E8C4E21ED503C008A5FEA /* Products */ = {
			isa = PBXGroup;
			children = (
				C23E8C4D21ED503C008A5FEA /* Flix.app */,
				C23E8C6121ED503E008A5FEA /* FlixTests.xctest */,
				C23E8C6C21ED503E008A5FEA /* FlixUITests.xctest */,
			);
			name = Products;
			sourceTree = "<group>";
		};
		C23E8C4F21ED503C008A5FEA /* Flix */ = {
			isa = PBXGroup;
			children = (
				C23E8C5021ED503C008A5FEA /* AppDelegate.swift */,
				C23E8C5221ED503C008A5FEA /* ViewController.swift */,
				C23E8C5421ED503C008A5FEA /* Main.storyboard */,
				C23E8C5721ED503E008A5FEA /* Assets.xcassets */,
				C23E8C5921ED503E008A5FEA /* LaunchScreen.storyboard */,
				C23E8C5C21ED503E008A5FEA /* Info.plist */,
				C23E8C8021ED5381008A5FEA /* MoviesViewController.swift */,
				C23E8C8221ED5D25008A5FEA /* MovieCell.swift */,
				C2102BB421F92FBE00F41860 /* MovieDetailsViewController.swift */,
				C2102BB621F93F2400F41860 /* MovieGridViewController.swift */,
				C2102BBA21F9434800F41860 /* MovieGridCell.swift */,
			);
			path = Flix;
			sourceTree = "<group>";
		};
		C23E8C6421ED503E008A5FEA /* FlixTests */ = {
			isa = PBXGroup;
			children = (
				C23E8C6521ED503E008A5FEA /* FlixTests.swift */,
				C23E8C6721ED503E008A5FEA /* Info.plist */,
			);
			path = FlixTests;
			sourceTree = "<group>";
		};
		C23E8C6F21ED503E008A5FEA /* FlixUITests */ = {
			isa = PBXGroup;
			children = (
				C23E8C7021ED503E008A5FEA /* FlixUITests.swift */,
				C23E8C7221ED503E008A5FEA /* Info.plist */,
			);
			path = FlixUITests;
			sourceTree = "<group>";
		};
/* End PBXGroup section */

/* Begin PBXNativeTarget section */
		C23E8C4C21ED503C008A5FEA /* Flix */ = {
			isa = PBXNativeTarget;
			buildConfigurationList = C23E8C7521ED503E008A5FEA /* Build configuration list for PBXNativeTarget "Flix" */;
			buildPhases = (
				8614C2BC4123C5186B65ED8C /* [CP] Check Pods Manifest.lock */,
				C23E8C4921ED503C008A5FEA /* Sources */,
				C23E8C4A21ED503C008A5FEA /* Frameworks */,
				C23E8C4B21ED503C008A5FEA /* Resources */,
				9847DCB142D6B4BAC2B3725A /* [CP] Embed Pods Frameworks */,
			);
			buildRules = (
			);
			dependencies = (
			);
			name = Flix;
			productName = Flix;
			productReference = C23E8C4D21ED503C008A5FEA /* Flix.app */;
			productType = "com.apple.product-type.application";
		};
		C23E8C6021ED503E008A5FEA /* FlixTests */ = {
			isa = PBXNativeTarget;
			buildConfigurationList = C23E8C7821ED503E008A5FEA /* Build configuration list for PBXNativeTarget "FlixTests" */;
			buildPhases = (
				F7F342E528FAF2F0B3F48022 /* [CP] Check Pods Manifest.lock */,
				C23E8C5D21ED503E008A5FEA /* Sources */,
				C23E8C5E21ED503E008A5FEA /* Frameworks */,
				C23E8C5F21ED503E008A5FEA /* Resources */,
			);
			buildRules = (
			);
			dependencies = (
				C23E8C6321ED503E008A5FEA /* PBXTargetDependency */,
			);
			name = FlixTests;
			productName = FlixTests;
			productReference = C23E8C6121ED503E008A5FEA /* FlixTests.xctest */;
			productType = "com.apple.product-type.bundle.unit-test";
		};
		C23E8C6B21ED503E008A5FEA /* FlixUITests */ = {
			isa = PBXNativeTarget;
			buildConfigurationList = C23E8C7B21ED503E008A5FEA /* Build configuration list for PBXNativeTarget "FlixUITests" */;
			buildPhases = (
				5C1E1B180AA1CB3D98F7F24F /* [CP] Check Pods Manifest.lock */,
				C23E8C6821ED503E008A5FEA /* Sources */,
				C23E8C6921ED503E008A5FEA /* Frameworks */,
				C23E8C6A21ED503E008A5FEA /* Resources */,
			);
			buildRules = (
			);
			dependencies = (
				C23E8C6E21ED503E008A5FEA /* PBXTargetDependency */,
			);
			name = FlixUITests;
			productName = FlixUITests;
			productReference = C23E8C6C21ED503E008A5FEA /* FlixUITests.xctest */;
			productType = "com.apple.product-type.bundle.ui-testing";
		};
/* End PBXNativeTarget section */

/* Begin PBXProject section */
		C23E8C4521ED503C008A5FEA /* Project object */ = {
			isa = PBXProject;
			attributes = {
				LastSwiftUpdateCheck = 1010;
				LastUpgradeCheck = 1010;
				ORGANIZATIONNAME = "이승헌";
				TargetAttributes = {
					C23E8C4C21ED503C008A5FEA = {
						CreatedOnToolsVersion = 10.1;
					};
					C23E8C6021ED503E008A5FEA = {
						CreatedOnToolsVersion = 10.1;
						TestTargetID = C23E8C4C21ED503C008A5FEA;
					};
					C23E8C6B21ED503E008A5FEA = {
						CreatedOnToolsVersion = 10.1;
						TestTargetID = C23E8C4C21ED503C008A5FEA;
					};
				};
			};
			buildConfigurationList = C23E8C4821ED503C008A5FEA /* Build configuration list for PBXProject "Flix" */;
			compatibilityVersion = "Xcode 9.3";
			developmentRegion = en;
			hasScannedForEncodings = 0;
			knownRegions = (
				en,
				Base,
			);
			mainGroup = C23E8C4421ED503C008A5FEA;
			productRefGroup = C23E8C4E21ED503C008A5FEA /* Products */;
			projectDirPath = "";
			projectRoot = "";
			targets = (
				C23E8C4C21ED503C008A5FEA /* Flix */,
				C23E8C6021ED503E008A5FEA /* FlixTests */,
				C23E8C6B21ED503E008A5FEA /* FlixUITests */,
			);
		};
/* End PBXProject section */

/* Begin PBXResourcesBuildPhase section */
		C23E8C4B21ED503C008A5FEA /* Resources */ = {
			isa = PBXResourcesBuildPhase;
			buildActionMask = 2147483647;
			files = (
				C23E8C5B21ED503E008A5FEA /* LaunchScreen.storyboard in Resources */,
				C23E8C5821ED503E008A5FEA /* Assets.xcassets in Resources */,
				C23E8C5621ED503C008A5FEA /* Main.storyboard in Resources */,
			);
			runOnlyForDeploymentPostprocessing = 0;
		};
		C23E8C5F21ED503E008A5FEA /* Resources */ = {
			isa = PBXResourcesBuildPhase;
			buildActionMask = 2147483647;
			files = (
			);
			runOnlyForDeploymentPostprocessing = 0;
		};
		C23E8C6A21ED503E008A5FEA /* Resources */ = {
			isa = PBXResourcesBuildPhase;
			buildActionMask = 2147483647;
			files = (
			);
			runOnlyForDeploymentPostprocessing = 0;
		};
/* End PBXResourcesBuildPhase section */

/* Begin PBXShellScriptBuildPhase section */
		5C1E1B180AA1CB3D98F7F24F /* [CP] Check Pods Manifest.lock */ = {
			isa = PBXShellScriptBuildPhase;
			buildActionMask = 2147483647;
			files = (
			);
			inputFileListPaths = (
			);
			inputPaths = (
				"${PODS_PODFILE_DIR_PATH}/Podfile.lock",
				"${PODS_ROOT}/Manifest.lock",
			);
			name = "[CP] Check Pods Manifest.lock";
			outputFileListPaths = (
			);
			outputPaths = (
				"$(DERIVED_FILE_DIR)/Pods-FlixUITests-checkManifestLockResult.txt",
			);
			runOnlyForDeploymentPostprocessing = 0;
			shellPath = /bin/sh;
			shellScript = "diff \"${PODS_PODFILE_DIR_PATH}/Podfile.lock\" \"${PODS_ROOT}/Manifest.lock\" > /dev/null\nif [ $? != 0 ] ; then\n    # print error to STDERR\n    echo \"error: The sandbox is not in sync with the Podfile.lock. Run 'pod install' or update your CocoaPods installation.\" >&2\n    exit 1\nfi\n# This output is used by Xcode 'outputs' to avoid re-running this script phase.\necho \"SUCCESS\" > \"${SCRIPT_OUTPUT_FILE_0}\"\n";
			showEnvVarsInLog = 0;
		};
		8614C2BC4123C5186B65ED8C /* [CP] Check Pods Manifest.lock */ = {
			isa = PBXShellScriptBuildPhase;
			buildActionMask = 2147483647;
			files = (
			);
			inputFileListPaths = (
			);
			inputPaths = (
				"${PODS_PODFILE_DIR_PATH}/Podfile.lock",
				"${PODS_ROOT}/Manifest.lock",
			);
			name = "[CP] Check Pods Manifest.lock";
			outputFileListPaths = (
			);
			outputPaths = (
				"$(DERIVED_FILE_DIR)/Pods-Flix-checkManifestLockResult.txt",
			);
			runOnlyForDeploymentPostprocessing = 0;
			shellPath = /bin/sh;
			shellScript = "diff \"${PODS_PODFILE_DIR_PATH}/Podfile.lock\" \"${PODS_ROOT}/Manifest.lock\" > /dev/null\nif [ $? != 0 ] ; then\n    # print error to STDERR\n    echo \"error: The sandbox is not in sync with the Podfile.lock. Run 'pod install' or update your CocoaPods installation.\" >&2\n    exit 1\nfi\n# This output is used by Xcode 'outputs' to avoid re-running this script phase.\necho \"SUCCESS\" > \"${SCRIPT_OUTPUT_FILE_0}\"\n";
			showEnvVarsInLog = 0;
		};
		9847DCB142D6B4BAC2B3725A /* [CP] Embed Pods Frameworks */ = {
			isa = PBXShellScriptBuildPhase;
			buildActionMask = 2147483647;
			files = (
			);
			inputFileListPaths = (
			);
			inputPaths = (
				"${SRCROOT}/Pods/Target Support Files/Pods-Flix/Pods-Flix-frameworks.sh",
				"${BUILT_PRODUCTS_DIR}/Alamofire/Alamofire.framework",
				"${BUILT_PRODUCTS_DIR}/AlamofireImage/AlamofireImage.framework",
			);
			name = "[CP] Embed Pods Frameworks";
			outputFileListPaths = (
			);
			outputPaths = (
				"${TARGET_BUILD_DIR}/${FRAMEWORKS_FOLDER_PATH}/Alamofire.framework",
				"${TARGET_BUILD_DIR}/${FRAMEWORKS_FOLDER_PATH}/AlamofireImage.framework",
			);
			runOnlyForDeploymentPostprocessing = 0;
			shellPath = /bin/sh;
			shellScript = "\"${SRCROOT}/Pods/Target Support Files/Pods-Flix/Pods-Flix-frameworks.sh\"\n";
			showEnvVarsInLog = 0;
		};
		F7F342E528FAF2F0B3F48022 /* [CP] Check Pods Manifest.lock */ = {
			isa = PBXShellScriptBuildPhase;
			buildActionMask = 2147483647;
			files = (
			);
			inputFileListPaths = (
			);
			inputPaths = (
				"${PODS_PODFILE_DIR_PATH}/Podfile.lock",
				"${PODS_ROOT}/Manifest.lock",
			);
			name = "[CP] Check Pods Manifest.lock";
			outputFileListPaths = (
			);
			outputPaths = (
				"$(DERIVED_FILE_DIR)/Pods-FlixTests-checkManifestLockResult.txt",
			);
			runOnlyForDeploymentPostprocessing = 0;
			shellPath = /bin/sh;
			shellScript = "diff \"${PODS_PODFILE_DIR_PATH}/Podfile.lock\" \"${PODS_ROOT}/Manifest.lock\" > /dev/null\nif [ $? != 0 ] ; then\n    # print error to STDERR\n    echo \"error: The sandbox is not in sync with the Podfile.lock. Run 'pod install' or update your CocoaPods installation.\" >&2\n    exit 1\nfi\n# This output is used by Xcode 'outputs' to avoid re-running this script phase.\necho \"SUCCESS\" > \"${SCRIPT_OUTPUT_FILE_0}\"\n";
			showEnvVarsInLog = 0;
		};
/* End PBXShellScriptBuildPhase section */

/* Begin PBXSourcesBuildPhase section */
		C23E8C4921ED503C008A5FEA /* Sources */ = {
			isa = PBXSourcesBuildPhase;
			buildActionMask = 2147483647;
			files = (
				C2102BB521F92FBE00F41860 /* MovieDetailsViewController.swift in Sources */,
				C23E8C5321ED503C008A5FEA /* ViewController.swift in Sources */,
				C23E8C5121ED503C008A5FEA /* AppDelegate.swift in Sources */,
				C23E8C8321ED5D25008A5FEA /* MovieCell.swift in Sources */,
				C23E8C8121ED5381008A5FEA /* MoviesViewController.swift in Sources */,
				C2102BB721F93F2500F41860 /* MovieGridViewController.swift in Sources */,
				C2102BBB21F9434800F41860 /* MovieGridCell.swift in Sources */,
			);
			runOnlyForDeploymentPostprocessing = 0;
		};
		C23E8C5D21ED503E008A5FEA /* Sources */ = {
			isa = PBXSourcesBuildPhase;
			buildActionMask = 2147483647;
			files = (
				C23E8C6621ED503E008A5FEA /* FlixTests.swift in Sources */,
			);
			runOnlyForDeploymentPostprocessing = 0;
		};
		C23E8C6821ED503E008A5FEA /* Sources */ = {
			isa = PBXSourcesBuildPhase;
			buildActionMask = 2147483647;
			files = (
				C23E8C7121ED503E008A5FEA /* FlixUITests.swift in Sources */,
			);
			runOnlyForDeploymentPostprocessing = 0;
		};
/* End PBXSourcesBuildPhase section */

/* Begin PBXTargetDependency section */
		C23E8C6321ED503E008A5FEA /* PBXTargetDependency */ = {
			isa = PBXTargetDependency;
			target = C23E8C4C21ED503C008A5FEA /* Flix */;
			targetProxy = C23E8C6221ED503E008A5FEA /* PBXContainerItemProxy */;
		};
		C23E8C6E21ED503E008A5FEA /* PBXTargetDependency */ = {
			isa = PBXTargetDependency;
			target = C23E8C4C21ED503C008A5FEA /* Flix */;
			targetProxy = C23E8C6D21ED503E008A5FEA /* PBXContainerItemProxy */;
		};
/* End PBXTargetDependency section */

/* Begin PBXVariantGroup section */
		C23E8C5421ED503C008A5FEA /* Main.storyboard */ = {
			isa = PBXVariantGroup;
			children = (
				C23E8C5521ED503C008A5FEA /* Base */,
			);
			name = Main.storyboard;
			sourceTree = "<group>";
		};
		C23E8C5921ED503E008A5FEA /* LaunchScreen.storyboard */ = {
			isa = PBXVariantGroup;
			children = (
				C23E8C5A21ED503E008A5FEA /* Base */,
			);
			name = LaunchScreen.storyboard;
			sourceTree = "<group>";
		};
/* End PBXVariantGroup section */

/* Begin XCBuildConfiguration section */
		C23E8C7321ED503E008A5FEA /* Debug */ = {
			isa = XCBuildConfiguration;
			buildSettings = {
				ALWAYS_SEARCH_USER_PATHS = NO;
				CLANG_ANALYZER_NONNULL = YES;
				CLANG_ANALYZER_NUMBER_OBJECT_CONVERSION = YES_AGGRESSIVE;
				CLANG_CXX_LANGUAGE_STANDARD = "gnu++14";
				CLANG_CXX_LIBRARY = "libc++";
				CLANG_ENABLE_MODULES = YES;
				CLANG_ENABLE_OBJC_ARC = YES;
				CLANG_ENABLE_OBJC_WEAK = YES;
				CLANG_WARN_BLOCK_CAPTURE_AUTORELEASING = YES;
				CLANG_WARN_BOOL_CONVERSION = YES;
				CLANG_WARN_COMMA = YES;
				CLANG_WARN_CONSTANT_CONVERSION = YES;
				CLANG_WARN_DEPRECATED_OBJC_IMPLEMENTATIONS = YES;
				CLANG_WARN_DIRECT_OBJC_ISA_USAGE = YES_ERROR;
				CLANG_WARN_DOCUMENTATION_COMMENTS = YES;
				CLANG_WARN_EMPTY_BODY = YES;
				CLANG_WARN_ENUM_CONVERSION = YES;
				CLANG_WARN_INFINITE_RECURSION = YES;
				CLANG_WARN_INT_CONVERSION = YES;
				CLANG_WARN_NON_LITERAL_NULL_CONVERSION = YES;
				CLANG_WARN_OBJC_IMPLICIT_RETAIN_SELF = YES;
				CLANG_WARN_OBJC_LITERAL_CONVERSION = YES;
				CLANG_WARN_OBJC_ROOT_CLASS = YES_ERROR;
				CLANG_WARN_RANGE_LOOP_ANALYSIS = YES;
				CLANG_WARN_STRICT_PROTOTYPES = YES;
				CLANG_WARN_SUSPICIOUS_MOVE = YES;
				CLANG_WARN_UNGUARDED_AVAILABILITY = YES_AGGRESSIVE;
				CLANG_WARN_UNREACHABLE_CODE = YES;
				CLANG_WARN__DUPLICATE_METHOD_MATCH = YES;
				CODE_SIGN_IDENTITY = "iPhone Developer";
				COPY_PHASE_STRIP = NO;
				DEBUG_INFORMATION_FORMAT = dwarf;
				ENABLE_STRICT_OBJC_MSGSEND = YES;
				ENABLE_TESTABILITY = YES;
				GCC_C_LANGUAGE_STANDARD = gnu11;
				GCC_DYNAMIC_NO_PIC = NO;
				GCC_NO_COMMON_BLOCKS = YES;
				GCC_OPTIMIZATION_LEVEL = 0;
				GCC_PREPROCESSOR_DEFINITIONS = (
					"DEBUG=1",
					"$(inherited)",
				);
				GCC_WARN_64_TO_32_BIT_CONVERSION = YES;
				GCC_WARN_ABOUT_RETURN_TYPE = YES_ERROR;
				GCC_WARN_UNDECLARED_SELECTOR = YES;
				GCC_WARN_UNINITIALIZED_AUTOS = YES_AGGRESSIVE;
				GCC_WARN_UNUSED_FUNCTION = YES;
				GCC_WARN_UNUSED_VARIABLE = YES;
				IPHONEOS_DEPLOYMENT_TARGET = 12.1;
				MTL_ENABLE_DEBUG_INFO = INCLUDE_SOURCE;
				MTL_FAST_MATH = YES;
				ONLY_ACTIVE_ARCH = YES;
				SDKROOT = iphoneos;
				SWIFT_ACTIVE_COMPILATION_CONDITIONS = DEBUG;
				SWIFT_OPTIMIZATION_LEVEL = "-Onone";
			};
			name = Debug;
		};
		C23E8C7421ED503E008A5FEA /* Release */ = {
			isa = XCBuildConfiguration;
			buildSettings = {
				ALWAYS_SEARCH_USER_PATHS = NO;
				CLANG_ANALYZER_NONNULL = YES;
				CLANG_ANALYZER_NUMBER_OBJECT_CONVERSION = YES_AGGRESSIVE;
				CLANG_CXX_LANGUAGE_STANDARD = "gnu++14";
				CLANG_CXX_LIBRARY = "libc++";
				CLANG_ENABLE_MODULES = YES;
				CLANG_ENABLE_OBJC_ARC = YES;
				CLANG_ENABLE_OBJC_WEAK = YES;
				CLANG_WARN_BLOCK_CAPTURE_AUTORELEASING = YES;
				CLANG_WARN_BOOL_CONVERSION = YES;
				CLANG_WARN_COMMA = YES;
				CLANG_WARN_CONSTANT_CONVERSION = YES;
				CLANG_WARN_DEPRECATED_OBJC_IMPLEMENTATIONS = YES;
				CLANG_WARN_DIRECT_OBJC_ISA_USAGE = YES_ERROR;
				CLANG_WARN_DOCUMENTATION_COMMENTS = YES;
				CLANG_WARN_EMPTY_BODY = YES;
				CLANG_WARN_ENUM_CONVERSION = YES;
				CLANG_WARN_INFINITE_RECURSION = YES;
				CLANG_WARN_INT_CONVERSION = YES;
				CLANG_WARN_NON_LITERAL_NULL_CONVERSION = YES;
				CLANG_WARN_OBJC_IMPLICIT_RETAIN_SELF = YES;
				CLANG_WARN_OBJC_LITERAL_CONVERSION = YES;
				CLANG_WARN_OBJC_ROOT_CLASS = YES_ERROR;
				CLANG_WARN_RANGE_LOOP_ANALYSIS = YES;
				CLANG_WARN_STRICT_PROTOTYPES = YES;
				CLANG_WARN_SUSPICIOUS_MOVE = YES;
				CLANG_WARN_UNGUARDED_AVAILABILITY = YES_AGGRESSIVE;
				CLANG_WARN_UNREACHABLE_CODE = YES;
				CLANG_WARN__DUPLICATE_METHOD_MATCH = YES;
				CODE_SIGN_IDENTITY = "iPhone Developer";
				COPY_PHASE_STRIP = NO;
				DEBUG_INFORMATION_FORMAT = "dwarf-with-dsym";
				ENABLE_NS_ASSERTIONS = NO;
				ENABLE_STRICT_OBJC_MSGSEND = YES;
				GCC_C_LANGUAGE_STANDARD = gnu11;
				GCC_NO_COMMON_BLOCKS = YES;
				GCC_WARN_64_TO_32_BIT_CONVERSION = YES;
				GCC_WARN_ABOUT_RETURN_TYPE = YES_ERROR;
				GCC_WARN_UNDECLARED_SELECTOR = YES;
				GCC_WARN_UNINITIALIZED_AUTOS = YES_AGGRESSIVE;
				GCC_WARN_UNUSED_FUNCTION = YES;
				GCC_WARN_UNUSED_VARIABLE = YES;
				IPHONEOS_DEPLOYMENT_TARGET = 12.1;
				MTL_ENABLE_DEBUG_INFO = NO;
				MTL_FAST_MATH = YES;
				SDKROOT = iphoneos;
				SWIFT_COMPILATION_MODE = wholemodule;
				SWIFT_OPTIMIZATION_LEVEL = "-O";
				VALIDATE_PRODUCT = YES;
			};
			name = Release;
		};
		C23E8C7621ED503E008A5FEA /* Debug */ = {
			isa = XCBuildConfiguration;
			baseConfigurationReference = BA2013C1B1FAE6D3D57508F9 /* Pods-Flix.debug.xcconfig */;
			buildSettings = {
				ASSETCATALOG_COMPILER_APPICON_NAME = AppIcon;
				CODE_SIGN_STYLE = Automatic;
				DEVELOPMENT_TEAM = ZMCS57K2XJ;
				INFOPLIST_FILE = Flix/Info.plist;
				LD_RUNPATH_SEARCH_PATHS = (
					"$(inherited)",
					"@executable_path/Frameworks",
				);
				PRODUCT_BUNDLE_IDENTIFIER = individual.Flix;
				PRODUCT_NAME = "$(TARGET_NAME)";
				SWIFT_VERSION = 4.2;
				TARGETED_DEVICE_FAMILY = "1,2";
			};
			name = Debug;
		};
		C23E8C7721ED503E008A5FEA /* Release */ = {
			isa = XCBuildConfiguration;
			baseConfigurationReference = 0FF26DCC2EC85A78964715CB /* Pods-Flix.release.xcconfig */;
			buildSettings = {
				ASSETCATALOG_COMPILER_APPICON_NAME = AppIcon;
				CODE_SIGN_STYLE = Automatic;
				DEVELOPMENT_TEAM = ZMCS57K2XJ;
				INFOPLIST_FILE = Flix/Info.plist;
				LD_RUNPATH_SEARCH_PATHS = (
					"$(inherited)",
					"@executable_path/Frameworks",
				);
				PRODUCT_BUNDLE_IDENTIFIER = individual.Flix;
				PRODUCT_NAME = "$(TARGET_NAME)";
				SWIFT_VERSION = 4.2;
				TARGETED_DEVICE_FAMILY = "1,2";
			};
			name = Release;
		};
		C23E8C7921ED503E008A5FEA /* Debug */ = {
			isa = XCBuildConfiguration;
			baseConfigurationReference = DD438D32B3DE9EFA6869A3B8 /* Pods-FlixTests.debug.xcconfig */;
			buildSettings = {
				ALWAYS_EMBED_SWIFT_STANDARD_LIBRARIES = YES;
				BUNDLE_LOADER = "$(TEST_HOST)";
				CODE_SIGN_STYLE = Automatic;
				DEVELOPMENT_TEAM = ZMCS57K2XJ;
				INFOPLIST_FILE = FlixTests/Info.plist;
				LD_RUNPATH_SEARCH_PATHS = (
					"$(inherited)",
					"@executable_path/Frameworks",
					"@loader_path/Frameworks",
				);
				PRODUCT_BUNDLE_IDENTIFIER = individual.FlixTests;
				PRODUCT_NAME = "$(TARGET_NAME)";
				SWIFT_VERSION = 4.2;
				TARGETED_DEVICE_FAMILY = "1,2";
				TEST_HOST = "$(BUILT_PRODUCTS_DIR)/Flix.app/Flix";
			};
			name = Debug;
		};
		C23E8C7A21ED503E008A5FEA /* Release */ = {
			isa = XCBuildConfiguration;
			baseConfigurationReference = B445E9424EEBFF861F8ABE30 /* Pods-FlixTests.release.xcconfig */;
			buildSettings = {
				ALWAYS_EMBED_SWIFT_STANDARD_LIBRARIES = YES;
				BUNDLE_LOADER = "$(TEST_HOST)";
				CODE_SIGN_STYLE = Automatic;
				DEVELOPMENT_TEAM = ZMCS57K2XJ;
				INFOPLIST_FILE = FlixTests/Info.plist;
				LD_RUNPATH_SEARCH_PATHS = (
					"$(inherited)",
					"@executable_path/Frameworks",
					"@loader_path/Frameworks",
				);
				PRODUCT_BUNDLE_IDENTIFIER = individual.FlixTests;
				PRODUCT_NAME = "$(TARGET_NAME)";
				SWIFT_VERSION = 4.2;
				TARGETED_DEVICE_FAMILY = "1,2";
				TEST_HOST = "$(BUILT_PRODUCTS_DIR)/Flix.app/Flix";
			};
			name = Release;
		};
		C23E8C7C21ED503E008A5FEA /* Debug */ = {
			isa = XCBuildConfiguration;
			baseConfigurationReference = 38BA350C4DC6A3C101693880 /* Pods-FlixUITests.debug.xcconfig */;
			buildSettings = {
				ALWAYS_EMBED_SWIFT_STANDARD_LIBRARIES = YES;
				CODE_SIGN_STYLE = Automatic;
				DEVELOPMENT_TEAM = ZMCS57K2XJ;
				INFOPLIST_FILE = FlixUITests/Info.plist;
				LD_RUNPATH_SEARCH_PATHS = (
					"$(inherited)",
					"@executable_path/Frameworks",
					"@loader_path/Frameworks",
				);
				PRODUCT_BUNDLE_IDENTIFIER = individual.FlixUITests;
				PRODUCT_NAME = "$(TARGET_NAME)";
				SWIFT_VERSION = 4.2;
				TARGETED_DEVICE_FAMILY = "1,2";
				TEST_TARGET_NAME = Flix;
			};
			name = Debug;
		};
		C23E8C7D21ED503E008A5FEA /* Release */ = {
			isa = XCBuildConfiguration;
			baseConfigurationReference = B918D07B355D2186B72802F6 /* Pods-FlixUITests.release.xcconfig */;
			buildSettings = {
				ALWAYS_EMBED_SWIFT_STANDARD_LIBRARIES = YES;
				CODE_SIGN_STYLE = Automatic;
				DEVELOPMENT_TEAM = ZMCS57K2XJ;
				INFOPLIST_FILE = FlixUITests/Info.plist;
				LD_RUNPATH_SEARCH_PATHS = (
					"$(inherited)",
					"@executable_path/Frameworks",
					"@loader_path/Frameworks",
				);
				PRODUCT_BUNDLE_IDENTIFIER = individual.FlixUITests;
				PRODUCT_NAME = "$(TARGET_NAME)";
				SWIFT_VERSION = 4.2;
				TARGETED_DEVICE_FAMILY = "1,2";
				TEST_TARGET_NAME = Flix;
			};
			name = Release;
		};
/* End XCBuildConfiguration section */

/* Begin XCConfigurationList section */
		C23E8C4821ED503C008A5FEA /* Build configuration list for PBXProject "Flix" */ = {
			isa = XCConfigurationList;
			buildConfigurations = (
				C23E8C7321ED503E008A5FEA /* Debug */,
				C23E8C7421ED503E008A5FEA /* Release */,
			);
			defaultConfigurationIsVisible = 0;
			defaultConfigurationName = Release;
		};
		C23E8C7521ED503E008A5FEA /* Build configuration list for PBXNativeTarget "Flix" */ = {
			isa = XCConfigurationList;
			buildConfigurations = (
				C23E8C7621ED503E008A5FEA /* Debug */,
				C23E8C7721ED503E008A5FEA /* Release */,
			);
			defaultConfigurationIsVisible = 0;
			defaultConfigurationName = Release;
		};
		C23E8C7821ED503E008A5FEA /* Build configuration list for PBXNativeTarget "FlixTests" */ = {
			isa = XCConfigurationList;
			buildConfigurations = (
				C23E8C7921ED503E008A5FEA /* Debug */,
				C23E8C7A21ED503E008A5FEA /* Release */,
			);
			defaultConfigurationIsVisible = 0;
			defaultConfigurationName = Release;
		};
		C23E8C7B21ED503E008A5FEA /* Build configuration list for PBXNativeTarget "FlixUITests" */ = {
			isa = XCConfigurationList;
			buildConfigurations = (
				C23E8C7C21ED503E008A5FEA /* Debug */,
				C23E8C7D21ED503E008A5FEA /* Release */,
			);
			defaultConfigurationIsVisible = 0;
			defaultConfigurationName = Release;
		};
/* End XCConfigurationList section */
	};
	rootObject = C23E8C4521ED503C008A5FEA /* Project object */;
}
